PODS:
  - Flutter (1.0.0)
  - flutter_vlc_player (3.0.3):
    - Flutter
    - MobileVLCKit (~> 3.6.0b12)
  - MobileVLCKit (3.6.1b1)
  - rive_common (0.0.1):
    - Flutter

DEPENDENCIES:
  - Flutter (from `Flutter`)
  - flutter_vlc_player (from `.symlinks/plugins/flutter_vlc_player/ios`)
  - rive_common (from `.symlinks/plugins/rive_common/ios`)

SPEC REPOS:
  trunk:
    - MobileVLCKit

EXTERNAL SOURCES:
  Flutter:
    :path: Flutter
  flutter_vlc_player:
    :path: ".symlinks/plugins/flutter_vlc_player/ios"
  rive_common:
    :path: ".symlinks/plugins/rive_common/ios"

SPEC CHECKSUMS:
  Flutter: e0871f40cf51350855a761d2e70bf5af5b9b5de7
  flutter_vlc_player: adffbf4816d69407ca712e4cc1ff1d257b4fd0a9
  MobileVLCKit: 2d9c7c373393ae43086aeeff890bf0b1afc15c5c
  rive_common: dd421daaf9ae69f0125aa761dd96abd278399952

PODFILE CHECKSUM: 819463e6a0290f5a72f145ba7cde16e8b6ef0796

COCOAPODS: 1.16.2
